// !$*UTF8*$!
{
	archiveVersion = 1;
	classes = {
	};
	objectVersion = 77;
	objects = {

/* Begin PBXContainerItemProxy section */
		D6B583562F5CD8DD0093AE1B /* PBXContainerItemProxy */ = {
			isa = PBXContainerItemProxy;
			containerPortal = D6B583402F5CD8DB0093AE1B /* Project object */;
			proxyType = 1;
			remoteGlobalIDString = D6B583472F5CD8DB0093AE1B;
			remoteInfo = "The Cliker";
		};
		D6B583602F5CD8DD0093AE1B /* PBXContainerItemProxy */ = {
			isa = PBXContainerItemProxy;
			containerPortal = D6B583402F5CD8DB0093AE1B /* Project object */;
			proxyType = 1;
			remoteGlobalIDString = D6B583472F5CD8DB0093AE1B;
			remoteInfo = "The Cliker";
		};
/* End PBXContainerItemProxy section */

/* Begin PBXFileReference section */
		D6B583482F5CD8DB0093AE1B /* The Cliker.app */ = {isa = PBXFileReference; explicitFileType = wrapper.application; includeInIndex = 0; path = "The Cliker.app"; sourceTree = BUILT_PRODUCTS_DIR; };
		D6B583552F5CD8DD0093AE1B /* The ClikerTests.xctest */ = {isa = PBXFileReference; explicitFileType = wrapper.cfbundle; includeInIndex = 0; path = "The ClikerTests.xctest"; sourceTree = BUILT_PRODUCTS_DIR; };
		D6B5835F2F5CD8DD0093AE1B /* The ClikerUITests.xctest */ = {isa = PBXFileReference; explicitFileType = wrapper.cfbundle; includeInIndex = 0; path = "The ClikerUITests.xctest"; sourceTree = BUILT_PRODUCTS_DIR; };
/* End PBXFileReference section */

/* Begin PBXFileSystemSynchronizedRootGroup section */
		D6B5834A2F5CD8DB0093AE1B /* The Cliker */ = {
			isa = PBXFileSystemSynchronizedRootGroup;
			path = "The Cliker";
			sourceTree = "<group>";
		};
		D6B583582F5CD8DD0093AE1B /* The ClikerTests */ = {
			isa = PBXFileSystemSynchronizedRootGroup;
			path = "The ClikerTests";
			sourceTree = "<group>";
		};
		D6B583622F5CD8DD0093AE1B /* The ClikerUITests */ = {
			isa = PBXFileSystemSynchronizedRootGroup;
			path = "The ClikerUITests";
			sourceTree = "<group>";
		};
/* End PBXFileSystemSynchronizedRootGroup section */

/* Begin PBXFrameworksBuildPhase section */
		D6B583452F5CD8DB0093AE1B /* Frameworks */ = {
			isa = PBXFrameworksBuildPhase;
			buildActionMask = 2147483647;
			files = (
			);
			runOnlyForDeploymentPostprocessing = 0;
		};
		D6B583522F5CD8DD0093AE1B /* Frameworks */ = {
			isa = PBXFrameworksBuildPhase;
			buildActionMask = 2147483647;
			files = (
			);
			runOnlyForDeploymentPostprocessing = 0;
		};
		D6B5835C2F5CD8DD0093AE1B /* Frameworks */ = {
			isa = PBXFrameworksBuildPhase;
			buildActionMask = 2147483647;
			files = (
			);
			runOnlyForDeploymentPostprocessing = 0;
		};
/* End PBXFrameworksBuildPhase section */

/* Begin PBXGroup section */
		D6B5833F2F5CD8DB0093AE1B = {
			isa = PBXGroup;
			children = (
				D6B5834A2F5CD8DB0093AE1B /* The Cliker */,
				D6B583582F5CD8DD0093AE1B /* The ClikerTests */,
				D6B583622F5CD8DD0093AE1B /* The ClikerUITests */,
				D6B583492F5CD8DB0093AE1B /* Products */,
			);
			sourceTree = "<group>";
		};
		D6B583492F5CD8DB0093AE1B /* Products */ = {
			isa = PBXGroup;
			children = (
				D6B583482F5CD8DB0093AE1B /* The Cliker.app */,
				D6B583552F5CD8DD0093AE1B /* The ClikerTests.xctest */,
				D6B5835F2F5CD8DD0093AE1B /* The ClikerUITests.xctest */,
			);
			name = Products;
			sourceTree = "<group>";
		};
/* End PBXGroup section */

/* Begin PBXNativeTarget section */
		D6B583472F5CD8DB0093AE1B /* The Cliker */ = {
			isa = PBXNativeTarget;
			buildConfigurationList = D6B583692F5CD8DD0093AE1B /* Build configuration list for PBXNativeTarget "The Cliker" */;
			buildPhases = (
				D6B583442F5CD8DB0093AE1B /* Sources */,
				D6B583452F5CD8DB0093AE1B /* Frameworks */,
				D6B583462F5CD8DB0093AE1B /* Resources */,
			);
			buildRules = (
			);
			dependencies = (
			);
			fileSystemSynchronizedGroups = (
				D6B5834A2F5CD8DB0093AE1B /* The Cliker */,
			);
			name = "The Cliker";
			packageProductDependencies = (
			);
			productName = "The Cliker";
			productReference = D6B583482F5CD8DB0093AE1B /* The Cliker.app */;
			productType = "com.apple.product-type.application";
		};
		D6B583542F5CD8DD0093AE1B /* The ClikerTests */ = {
			isa = PBXNativeTarget;
			buildConfigurationList = D6B5836C2F5CD8DD0093AE1B /* Build configuration list for PBXNativeTarget "The ClikerTests" */;
			buildPhases = (
				D6B583512F5CD8DD0093AE1B /* Sources */,
				D6B583522F5CD8DD0093AE1B /* Frameworks */,
				D6B583532F5CD8DD0093AE1B /* Resources */,
			);
			buildRules = (
			);
			dependencies = (
				D6B583572F5CD8DD0093AE1B /* PBXTargetDependency */,
			);
			fileSystemSynchronizedGroups = (
				D6B583582F5CD8DD0093AE1B /* The ClikerTests */,
			);
			name = "The ClikerTests";
			packageProductDependencies = (
			);
			productName = "The ClikerTests";
			productReference = D6B583552F5CD8DD0093AE1B /* The ClikerTests.xctest */;
			productType = "com.apple.product-type.bundle.unit-test";
		};
		D6B5835E2F5CD8DD0093AE1B /* The ClikerUITests */ = {
			isa = PBXNativeTarget;
			buildConfigurationList = D6B5836F2F5CD8DD0093AE1B /* Build configuration list for PBXNativeTarget "The ClikerUITests" */;
			buildPhases = (
				D6B5835B2F5CD8DD0093AE1B /* Sources */,
				D6B5835C2F5CD8DD0093AE1B /* Frameworks */,
				D6B5835D2F5CD8DD0093AE1B /* Resources */,
			);
			buildRules = (
			);
			dependencies = (
				D6B583612F5CD8DD0093AE1B /* PBXTargetDependency */,
			);
			fileSystemSynchronizedGroups = (
				D6B583622F5CD8DD0093AE1B /* The ClikerUITests */,
			);
			name = "The ClikerUITests";
			packageProductDependencies = (
			);
			productName = "The ClikerUITests";
			productReference = D6B5835F2F5CD8DD0093AE1B /* The ClikerUITests.xctest */;
			productType = "com.apple.product-type.bundle.ui-testing";
		};
/* End PBXNativeTarget section */

/* Begin PBXProject section */
		D6B583402F5CD8DB0093AE1B /* Project object */ = {
			isa = PBXProject;
			attributes = {
				BuildIndependentTargetsInParallel = 1;
				LastSwiftUpdateCheck = 2610;
				LastUpgradeCheck = 2610;
				TargetAttributes = {
					D6B583472F5CD8DB0093AE1B = {
						CreatedOnToolsVersion = 26.1.1;
					};
					D6B583542F5CD8DD0093AE1B = {
						CreatedOnToolsVersion = 26.1.1;
						TestTargetID = D6B583472F5CD8DB0093AE1B;
					};
					D6B5835E2F5CD8DD0093AE1B = {
						CreatedOnToolsVersion = 26.1.1;
						TestTargetID = D6B583472F5CD8DB0093AE1B;
					};
				};
			};
			buildConfigurationList = D6B583432F5CD8DB0093AE1B /* Build configuration list for PBXProject "The Cliker" */;
			developmentRegion = en;
			hasScannedForEncodings = 0;
			knownRegions = (
				en,
				Base,
			);
			mainGroup = D6B5833F2F5CD8DB0093AE1B;
			minimizedProjectReferenceProxies = 1;
			preferredProjectObjectVersion = 77;
			productRefGroup = D6B583492F5CD8DB0093AE1B /* Products */;
			projectDirPath = "";
			projectRoot = "";
			targets = (
				D6B583472F5CD8DB0093AE1B /* The Cliker */,
				D6B583542F5CD8DD0093AE1B /* The ClikerTests */,
				D6B5835E2F5CD8DD0093AE1B /* The ClikerUITests */,
			);
		};
/* End PBXProject section */

/* Begin PBXResourcesBuildPhase section */
		D6B583462F5CD8DB0093AE1B /* Resources */ = {
			isa = PBXResourcesBuildPhase;
			buildActionMask = 2147483647;
			files = (
			);
			runOnlyForDeploymentPostprocessing = 0;
		};
		D6B583532F5CD8DD0093AE1B /* Resources */ = {
			isa = PBXResourcesBuildPhase;
			buildActionMask = 2147483647;
			files = (
			);
			runOnlyForDeploymentPostprocessing = 0;
		};
		D6B5835D2F5CD8DD0093AE1B /* Resources */ = {
			isa = PBXResourcesBuildPhase;
			buildActionMask = 2147483647;
			files = (
			);
			runOnlyForDeploymentPostprocessing = 0;
		};
/* End PBXResourcesBuildPhase section */

/* Begin PBXSourcesBuildPhase section */
		D6B583442F5CD8DB0093AE1B /* Sources */ = {
			isa = PBXSourcesBuildPhase;
			buildActionMask = 2147483647;
			files = (
			);
			runOnlyForDeploymentPostprocessing = 0;
		};
		D6B583512F5CD8DD0093AE1B /* Sources */ = {
			isa = PBXSourcesBuildPhase;
			buildActionMask = 2147483647;
			files = (
			);
			runOnlyForDeploymentPostprocessing = 0;
		};
		D6B5835B2F5CD8DD0093AE1B /* Sources */ = {
			isa = PBXSourcesBuildPhase;
			buildActionMask = 2147483647;
			files = (
			);
			runOnlyForDeploymentPostprocessing = 0;
		};
/* End PBXSourcesBuildPhase section */

/* Begin PBXTargetDependency section */
		D6B583572F5CD8DD0093AE1B /* PBXTargetDependency */ = {
			isa = PBXTargetDependency;
			target = D6B583472F5CD8DB0093AE1B /* The Cliker */;
			targetProxy = D6B583562F5CD8DD0093AE1B /* PBXContainerItemProxy */;
		};
		D6B583612F5CD8DD0093AE1B /* PBXTargetDependency */ = {
			isa = PBXTargetDependency;
			target = D6B583472F5CD8DB0093AE1B /* The Cliker */;
			targetProxy = D6B583602F5CD8DD0093AE1B /* PBXContainerItemProxy */;
		};
/* End PBXTargetDependency section */

/* Begin XCBuildConfiguration section */
		D6B583672F5CD8DD0093AE1B /* Debug */ = {
			isa = XCBuildConfiguration;
			buildSettings = {
				ALWAYS_SEARCH_USER_PATHS = NO;
				ASSETCATALOG_COMPILER_GENERATE_SWIFT_ASSET_SYMBOL_EXTENSIONS = YES;
				CLANG_ANALYZER_NONNULL = YES;
				CLANG_ANALYZER_NUMBER_OBJECT_CONVERSION = YES_AGGRESSIVE;
				CLANG_CXX_LANGUAGE_STANDARD = "gnu++20";
				CLANG_ENABLE_MODULES = YES;
				CLANG_ENABLE_OBJC_ARC = YES;
				CLANG_ENABLE_OBJC_WEAK = YES;
				CLANG_WARN_BLOCK_CAPTURE_AUTORELEASING = YES;
				CLANG_WARN_BOOL_CONVERSION = YES;
				CLANG_WARN_COMMA = YES;
				CLANG_WARN_CONSTANT_CONVERSION = YES;
				CLANG_WARN_DEPRECATED_OBJC_IMPLEMENTATIONS = YES;
				CLANG_WARN_DIRECT_OBJC_ISA_USAGE = YES_ERROR;
				CLANG_WARN_DOCUMENTATION_COMMENTS = YES;
				CLANG_WARN_EMPTY_BODY = YES;
				CLANG_WARN_ENUM_CONVERSION = YES;
				CLANG_WARN_INFINITE_RECURSION = YES;
				CLANG_WARN_INT_CONVERSION = YES;
				CLANG_WARN_NON_LITERAL_NULL_CONVERSION = YES;
				CLANG_WARN_OBJC_IMPLICIT_RETAIN_SELF = YES;
				CLANG_WARN_OBJC_LITERAL_CONVERSION = YES;
				CLANG_WARN_OBJC_ROOT_CLASS = YES_ERROR;
				CLANG_WARN_QUOTED_INCLUDE_IN_FRAMEWORK_HEADER = YES;
				CLANG_WARN_RANGE_LOOP_ANALYSIS = YES;
				CLANG_WARN_STRICT_PROTOTYPES = YES;
				CLANG_WARN_SUSPICIOUS_MOVE = YES;
				CLANG_WARN_UNGUARDED_AVAILABILITY = YES_AGGRESSIVE;
				CLANG_WARN_UNREACHABLE_CODE = YES;
				CLANG_WARN__DUPLICATE_METHOD_MATCH = YES;
				COPY_PHASE_STRIP = NO;
				DEBUG_INFORMATION_FORMAT = dwarf;
				ENABLE_STRICT_OBJC_MSGSEND = YES;
				ENABLE_TESTABILITY = YES;
				ENABLE_USER_SCRIPT_SANDBOXING = YES;
				GCC_C_LANGUAGE_STANDARD = gnu17;
				GCC_DYNAMIC_NO_PIC = NO;
				GCC_NO_COMMON_BLOCKS = YES;
				GCC_OPTIMIZATION_LEVEL = 0;
				GCC_PREPROCESSOR_DEFINITIONS = (
					"DEBUG=1",
					"$(inherited)",
				);
				GCC_WARN_64_TO_32_BIT_CONVERSION = YES;
				GCC_WARN_ABOUT_RETURN_TYPE = YES_ERROR;
				GCC_WARN_UNDECLARED_SELECTOR = YES;
				GCC_WARN_UNINITIALIZED_AUTOS = YES_AGGRESSIVE;
				GCC_WARN_UNUSED_FUNCTION = YES;
				GCC_WARN_UNUSED_VARIABLE = YES;
				LOCALIZATION_PREFERS_STRING_CATALOGS = YES;
				MACOSX_DEPLOYMENT_TARGET = 26.1;
				MTL_ENABLE_DEBUG_INFO = INCLUDE_SOURCE;
				MTL_FAST_MATH = YES;
				ONLY_ACTIVE_ARCH = YES;
				SDKROOT = macosx;
				SWIFT_ACTIVE_COMPILATION_CONDITIONS = "DEBUG $(inherited)";
				SWIFT_OPTIMIZATION_LEVEL = "-Onone";
			};
			name = Debug;
		};
		D6B583682F5CD8DD0093AE1B /* Release */ = {
			isa = XCBuildConfiguration;
			buildSettings = {
				ALWAYS_SEARCH_USER_PATHS = NO;
				ASSETCATALOG_COMPILER_GENERATE_SWIFT_ASSET_SYMBOL_EXTENSIONS = YES;
				CLANG_ANALYZER_NONNULL = YES;
				CLANG_ANALYZER_NUMBER_OBJECT_CONVERSION = YES_AGGRESSIVE;
				CLANG_CXX_LANGUAGE_STANDARD = "gnu++20";
				CLANG_ENABLE_MODULES = YES;
				CLANG_ENABLE_OBJC_ARC = YES;
				CLANG_ENABLE_OBJC_WEAK = YES;
				CLANG_WARN_BLOCK_CAPTURE_AUTORELEASING = YES;
				CLANG_WARN_BOOL_CONVERSION = YES;
				CLANG_WARN_COMMA = YES;
				CLANG_WARN_CONSTANT_CONVERSION = YES;
				CLANG_WARN_DEPRECATED_OBJC_IMPLEMENTATIONS = YES;
				CLANG_WARN_DIRECT_OBJC_ISA_USAGE = YES_ERROR;
				CLANG_WARN_DOCUMENTATION_COMMENTS = YES;
				CLANG_WARN_EMPTY_BODY = YES;
				CLANG_WARN_ENUM_CONVERSION = YES;
				CLANG_WARN_INFINITE_RECURSION = YES;
				CLANG_WARN_INT_CONVERSION = YES;
				CLANG_WARN_NON_LITERAL_NULL_CONVERSION = YES;
				CLANG_WARN_OBJC_IMPLICIT_RETAIN_SELF = YES;
				CLANG_WARN_OBJC_LITERAL_CONVERSION = YES;
				CLANG_WARN_OBJC_ROOT_CLASS = YES_ERROR;
				CLANG_WARN_QUOTED_INCLUDE_IN_FRAMEWORK_HEADER = YES;
				CLANG_WARN_RANGE_LOOP_ANALYSIS = YES;
				CLANG_WARN_STRICT_PROTOTYPES = YES;
				CLANG_WARN_SUSPICIOUS_MOVE = YES;
				CLANG_WARN_UNGUARDED_AVAILABILITY = YES_AGGRESSIVE;
				CLANG_WARN_UNREACHABLE_CODE = YES;
				CLANG_WARN__DUPLICATE_METHOD_MATCH = YES;
				COPY_PHASE_STRIP = NO;
				DEBUG_INFORMATION_FORMAT = "dwarf-with-dsym";
				ENABLE_NS_ASSERTIONS = NO;
				ENABLE_STRICT_OBJC_MSGSEND = YES;
				ENABLE_USER_SCRIPT_SANDBOXING = YES;
				GCC_C_LANGUAGE_STANDARD = gnu17;
				GCC_NO_COMMON_BLOCKS = YES;
				GCC_WARN_64_TO_32_BIT_CONVERSION = YES;
				GCC_WARN_ABOUT_RETURN_TYPE = YES_ERROR;
				GCC_WARN_UNDECLARED_SELECTOR = YES;
				GCC_WARN_UNINITIALIZED_AUTOS = YES_AGGRESSIVE;
				GCC_WARN_UNUSED_FUNCTION = YES;
				GCC_WARN_UNUSED_VARIABLE = YES;
				LOCALIZATION_PREFERS_STRING_CATALOGS = YES;
				MACOSX_DEPLOYMENT_TARGET = 26.1;
				MTL_ENABLE_DEBUG_INFO = NO;
				MTL_FAST_MATH = YES;
				SDKROOT = macosx;
				SWIFT_COMPILATION_MODE = wholemodule;
			};
			name = Release;
		};
		D6B5836A2F5CD8DD0093AE1B /* Debug */ = {
			isa = XCBuildConfiguration;
			buildSettings = {
				ASSETCATALOG_COMPILER_APPICON_NAME = AppIcon;
				ASSETCATALOG_COMPILER_GLOBAL_ACCENT_COLOR_NAME = AccentColor;
				CODE_SIGN_STYLE = Automatic;
				COMBINE_HIDPI_IMAGES = YES;
				CURRENT_PROJECT_VERSION = 1;
				ENABLE_APP_SANDBOX = YES;
				ENABLE_PREVIEWS = YES;
				ENABLE_USER_SELECTED_FILES = readonly;
				GENERATE_INFOPLIST_FILE = YES;
				INFOPLIST_KEY_NSHumanReadableCopyright = "";
				LD_RUNPATH_SEARCH_PATHS = (
					"$(inherited)",
					"@executable_path/../Frameworks",
				);
				MARKETING_VERSION = 1.0;
				PRODUCT_BUNDLE_IDENTIFIER = "com.techdicto.The-Cliker";
				PRODUCT_NAME = "$(TARGET_NAME)";
				REGISTER_APP_GROUPS = YES;
				STRING_CATALOG_GENERATE_SYMBOLS = YES;
				SWIFT_APPROACHABLE_CONCURRENCY = YES;
				SWIFT_DEFAULT_ACTOR_ISOLATION = MainActor;
				SWIFT_EMIT_LOC_STRINGS = YES;
				SWIFT_UPCOMING_FEATURE_MEMBER_IMPORT_VISIBILITY = YES;
				SWIFT_VERSION = 5.0;
			};
			name = Debug;
		};
		D6B5836B2F5CD8DD0093AE1B /* Release */ = {
			isa = XCBuildConfiguration;
			buildSettings = {
				ASSETCATALOG_COMPILER_APPICON_NAME = AppIcon;
				ASSETCATALOG_COMPILER_GLOBAL_ACCENT_COLOR_NAME = AccentColor;
				CODE_SIGN_STYLE = Automatic;
				COMBINE_HIDPI_IMAGES = YES;
				CURRENT_PROJECT_VERSION = 1;
				ENABLE_APP_SANDBOX = YES;
				ENABLE_PREVIEWS = YES;
				ENABLE_USER_SELECTED_FILES = readonly;
				GENERATE_INFOPLIST_FILE = YES;
				INFOPLIST_KEY_NSHumanReadableCopyright = "";
				LD_RUNPATH_SEARCH_PATHS = (
					"$(inherited)",
					"@executable_path/../Frameworks",
				);
				MARKETING_VERSION = 1.0;
				PRODUCT_BUNDLE_IDENTIFIER = "com.techdicto.The-Cliker";
				PRODUCT_NAME = "$(TARGET_NAME)";
				REGISTER_APP_GROUPS = YES;
				STRING_CATALOG_GENERATE_SYMBOLS = YES;
				SWIFT_APPROACHABLE_CONCURRENCY = YES;
				SWIFT_DEFAULT_ACTOR_ISOLATION = MainActor;
				SWIFT_EMIT_LOC_STRINGS = YES;
				SWIFT_UPCOMING_FEATURE_MEMBER_IMPORT_VISIBILITY = YES;
				SWIFT_VERSION = 5.0;
			};
			name = Release;
		};
		D6B5836D2F5CD8DD0093AE1B /* Debug */ = {
			isa = XCBuildConfiguration;
			buildSettings = {
				BUNDLE_LOADER = "$(TEST_HOST)";
				CODE_SIGN_STYLE = Automatic;
				CURRENT_PROJECT_VERSION = 1;
				GENERATE_INFOPLIST_FILE = YES;
				MACOSX_DEPLOYMENT_TARGET = 26.1;
				MARKETING_VERSION = 1.0;
				PRODUCT_BUNDLE_IDENTIFIER = "com.techdicto.The-ClikerTests";
				PRODUCT_NAME = "$(TARGET_NAME)";
				STRING_CATALOG_GENERATE_SYMBOLS = NO;
				SWIFT_APPROACHABLE_CONCURRENCY = YES;
				SWIFT_EMIT_LOC_STRINGS = NO;
				SWIFT_UPCOMING_FEATURE_MEMBER_IMPORT_VISIBILITY = YES;
				SWIFT_VERSION = 5.0;
				TEST_HOST = "$(BUILT_PRODUCTS_DIR)/The Cliker.app/$(BUNDLE_EXECUTABLE_FOLDER_PATH)/The Cliker";
			};
			name = Debug;
		};
		D6B5836E2F5CD8DD0093AE1B /* Release */ = {
			isa = XCBuildConfiguration;
			buildSettings = {
				BUNDLE_LOADER = "$(TEST_HOST)";
				CODE_SIGN_STYLE = Automatic;
				CURRENT_PROJECT_VERSION = 1;
				GENERATE_INFOPLIST_FILE = YES;
				MACOSX_DEPLOYMENT_TARGET = 26.1;
				MARKETING_VERSION = 1.0;
				PRODUCT_BUNDLE_IDENTIFIER = "com.techdicto.The-ClikerTests";
				PRODUCT_NAME = "$(TARGET_NAME)";
				STRING_CATALOG_GENERATE_SYMBOLS = NO;
				SWIFT_APPROACHABLE_CONCURRENCY = YES;
				SWIFT_EMIT_LOC_STRINGS = NO;
				SWIFT_UPCOMING_FEATURE_MEMBER_IMPORT_VISIBILITY = YES;
				SWIFT_VERSION = 5.0;
				TEST_HOST = "$(BUILT_PRODUCTS_DIR)/The Cliker.app/$(BUNDLE_EXECUTABLE_FOLDER_PATH)/The Cliker";
			};
			name = Release;
		};
		D6B583702F5CD8DD0093AE1B /* Debug */ = {
			isa = XCBuildConfiguration;
			buildSettings = {
				CODE_SIGN_STYLE = Automatic;
				CURRENT_PROJECT_VERSION = 1;
				GENERATE_INFOPLIST_FILE = YES;
				MARKETING_VERSION = 1.0;
				PRODUCT_BUNDLE_IDENTIFIER = "com.techdicto.The-ClikerUITests";
				PRODUCT_NAME = "$(TARGET_NAME)";
				STRING_CATALOG_GENERATE_SYMBOLS = NO;
				SWIFT_APPROACHABLE_CONCURRENCY = YES;
				SWIFT_EMIT_LOC_STRINGS = NO;
				SWIFT_UPCOMING_FEATURE_MEMBER_IMPORT_VISIBILITY = YES;
				SWIFT_VERSION = 5.0;
				TEST_TARGET_NAME = "The Cliker";
			};
			name = Debug;
		};
		D6B583712F5CD8DD0093AE1B /* Release */ = {
			isa = XCBuildConfiguration;
			buildSettings = {
				CODE_SIGN_STYLE = Automatic;
				CURRENT_PROJECT_VERSION = 1;
				GENERATE_INFOPLIST_FILE = YES;
				MARKETING_VERSION = 1.0;
				PRODUCT_BUNDLE_IDENTIFIER = "com.techdicto.The-ClikerUITests";
				PRODUCT_NAME = "$(TARGET_NAME)";
				STRING_CATALOG_GENERATE_SYMBOLS = NO;
				SWIFT_APPROACHABLE_CONCURRENCY = YES;
				SWIFT_EMIT_LOC_STRINGS = NO;
				SWIFT_UPCOMING_FEATURE_MEMBER_IMPORT_VISIBILITY = YES;
				SWIFT_VERSION = 5.0;
				TEST_TARGET_NAME = "The Cliker";
			};
			name = Release;
		};
/* End XCBuildConfiguration section */

/* Begin XCConfigurationList section */
		D6B583432F5CD8DB0093AE1B /* Build configuration list for PBXProject "The Cliker" */ = {
			isa = XCConfigurationList;
			buildConfigurations = (
				D6B583672F5CD8DD0093AE1B /* Debug */,
				D6B583682F5CD8DD0093AE1B /* Release */,
			);
			defaultConfigurationIsVisible = 0;
			defaultConfigurationName = Release;
		};
		D6B583692F5CD8DD0093AE1B /* Build configuration list for PBXNativeTarget "The Cliker" */ = {
			isa = XCConfigurationList;
			buildConfigurations = (
				D6B5836A2F5CD8DD0093AE1B /* Debug */,
				D6B5836B2F5CD8DD0093AE1B /* Release */,
			);
			defaultConfigurationIsVisible = 0;
			defaultConfigurationName = Release;
		};
		D6B5836C2F5CD8DD0093AE1B /* Build configuration list for PBXNativeTarget "The ClikerTests" */ = {
			isa = XCConfigurationList;
			buildConfigurations = (
				D6B5836D2F5CD8DD0093AE1B /* Debug */,
				D6B5836E2F5CD8DD0093AE1B /* Release */,
			);
			defaultConfigurationIsVisible = 0;
			defaultConfigurationName = Release;
		};
		D6B5836F2F5CD8DD0093AE1B /* Build configuration list for PBXNativeTarget "The ClikerUITests" */ = {
			isa = XCConfigurationList;
			buildConfigurations = (
				D6B583702F5CD8DD0093AE1B /* Debug */,
				D6B583712F5CD8DD0093AE1B /* Release */,
			);
			defaultConfigurationIsVisible = 0;
			defaultConfigurationName = Release;
		};
/* End XCConfigurationList section */
	};
	rootObject = D6B583402F5CD8DB0093AE1B /* Project object */;
}
